
Microsoft Visual Studio Solution File, Format Version 12.00
# Visual Studio Version 17
VisualStudioVersion = 17.9.34616.47
MinimumVisualStudioVersion = 10.0.40219.1
Project("{FAE04EC0-301F-11D3-BF4B-00C04F79EFBC}") = "EjercicioC1", "EjercicioC1\EjercicioC1.csproj", "{0C97A2A6-3802-4A64-949B-7B41F3C6C3EA}"
EndProject
Global
	GlobalSection(SolutionConfigurationPlatforms) = preSolution
		Debug|Any CPU = Debug|Any CPU
		Release|Any CPU = Release|Any CPU
	EndGlobalSection
	GlobalSection(ProjectConfigurationPlatforms) = postSolution
		{0C97A2A6-3802-4A64-949B-7B41F3C6C3EA}.Debug|Any CPU.ActiveCfg = Debug|Any CPU
		{0C97A2A6-3802-4A64-949B-7B41F3C6C3EA}.Debug|Any CPU.Build.0 = Debug|Any CPU
		{0C97A2A6-3802-4A64-949B-7B41F3C6C3EA}.Release|Any CPU.ActiveCfg = Release|Any CPU
		{0C97A2A6-3802-4A64-949B-7B41F3C6C3EA}.Release|Any CPU.Build.0 = Release|Any CPU
	EndGlobalSection
	GlobalSection(SolutionProperties) = preSolution
		HideSolutionNode = FALSE
	EndGlobalSection
	GlobalSection(ExtensibilityGlobals) = postSolution
		SolutionGuid = {82BCE32A-2069-4397-BB3B-D446D1764AF8}
	EndGlobalSection
EndGlobal
